
Microsoft Visual Studio Solution File, Format Version 12.00
# Visual Studio Version 17
VisualStudioVersion = 17.5.33502.453
MinimumVisualStudioVersion = 10.0.40219.1
Project("{8BC9CEB8-8B4A-11D0-8D11-00A0C91BC942}") = "addon", "projects\addon\addon.vcxproj", "{6E62B98C-5CCE-471B-B756-C19176B951ED}"
EndProject
Project("{8BC9CEB8-8B4A-11D0-8D11-00A0C91BC942}") = "debug", "projects\dxsample\D3D12HelloConstBuffers.vcxproj", "{6F49D366-B5F1-432B-A3E8-5D1CA57865F9}"
EndProject
Project("{2150E333-8FDC-42A3-9474-1A3956D46DE8}") = "Solution Items", "Solution Items", "{2838107C-80DE-4365-B2F0-EB2289F6C18F}"
	ProjectSection(SolutionItems) = preProject
		.editorconfig = .editorconfig
	EndProjectSection
EndProject
Global
	GlobalSection(SolutionConfigurationPlatforms) = preSolution
		Debug|x64 = Debug|x64
		Debug|x86 = Debug|x86
		Release|x64 = Release|x64
		Release|x86 = Release|x86
	EndGlobalSection
	GlobalSection(ProjectConfigurationPlatforms) = postSolution
		{6E62B98C-5CCE-471B-B756-C19176B951ED}.Debug|x64.ActiveCfg = Debug|x64
		{6E62B98C-5CCE-471B-B756-C19176B951ED}.Debug|x64.Build.0 = Debug|x64
		{6E62B98C-5CCE-471B-B756-C19176B951ED}.Debug|x86.ActiveCfg = Debug|Win32
		{6E62B98C-5CCE-471B-B756-C19176B951ED}.Debug|x86.Build.0 = Debug|Win32
		{6E62B98C-5CCE-471B-B756-C19176B951ED}.Release|x64.ActiveCfg = Release|x64
		{6E62B98C-5CCE-471B-B756-C19176B951ED}.Release|x64.Build.0 = Release|x64
		{6E62B98C-5CCE-471B-B756-C19176B951ED}.Release|x86.ActiveCfg = Release|Win32
		{6E62B98C-5CCE-471B-B756-C19176B951ED}.Release|x86.Build.0 = Release|Win32
		{6F49D366-B5F1-432B-A3E8-5D1CA57865F9}.Debug|x64.ActiveCfg = Debug|x64
		{6F49D366-B5F1-432B-A3E8-5D1CA57865F9}.Debug|x64.Build.0 = Debug|x64
		{6F49D366-B5F1-432B-A3E8-5D1CA57865F9}.Debug|x86.ActiveCfg = Debug|Win32
		{6F49D366-B5F1-432B-A3E8-5D1CA57865F9}.Debug|x86.Build.0 = Debug|Win32
		{6F49D366-B5F1-432B-A3E8-5D1CA57865F9}.Release|x64.ActiveCfg = Release|x64
		{6F49D366-B5F1-432B-A3E8-5D1CA57865F9}.Release|x64.Build.0 = Release|x64
		{6F49D366-B5F1-432B-A3E8-5D1CA57865F9}.Release|x86.ActiveCfg = Release|Win32
		{6F49D366-B5F1-432B-A3E8-5D1CA57865F9}.Release|x86.Build.0 = Release|Win32
	EndGlobalSection
	GlobalSection(SolutionProperties) = preSolution
		HideSolutionNode = FALSE
	EndGlobalSection
	GlobalSection(ExtensibilityGlobals) = postSolution
		SolutionGuid = {6E9FAF85-FDE1-4E1C-B213-18F38A59FEF3}
	EndGlobalSection
EndGlobal
